
Microsoft Visual Studio Solution File, Format Version 12.00
# Visual Studio Version 17
VisualStudioVersion = 17.14.36414.22
MinimumVisualStudioVersion = 10.0.40219.1
Project("{FAE04EC0-301F-11D3-BF4B-00C04F79EFBC}") = "fs-2025-assessment-1-74270", "fs-2025-assessment-1-74270\fs-2025-assessment-1-74270.csproj", "{501EA53E-72B3-4E58-AC05-27FF5A8286A4}"
EndProject
Project("{FAE04EC0-301F-11D3-BF4B-00C04F79EFBC}") = "fs-2025-assessment-1-74270.Tests", "fs-2025-assessment-1-74270.Tests\fs-2025-assessment-1-74270.Tests.csproj", "{63F5F0C3-7A35-4D1C-AF21-09BEFB970A43}"
EndProject
Global
	GlobalSection(SolutionConfigurationPlatforms) = preSolution
		Debug|Any CPU = Debug|Any CPU
		Release|Any CPU = Release|Any CPU
	EndGlobalSection
	GlobalSection(ProjectConfigurationPlatforms) = postSolution
		{501EA53E-72B3-4E58-AC05-27FF5A8286A4}.Debug|Any CPU.ActiveCfg = Debug|Any CPU
		{501EA53E-72B3-4E58-AC05-27FF5A8286A4}.Debug|Any CPU.Build.0 = Debug|Any CPU
		{501EA53E-72B3-4E58-AC05-27FF5A8286A4}.Release|Any CPU.ActiveCfg = Release|Any CPU
		{501EA53E-72B3-4E58-AC05-27FF5A8286A4}.Release|Any CPU.Build.0 = Release|Any CPU
		{63F5F0C3-7A35-4D1C-AF21-09BEFB970A43}.Debug|Any CPU.ActiveCfg = Debug|Any CPU
		{63F5F0C3-7A35-4D1C-AF21-09BEFB970A43}.Debug|Any CPU.Build.0 = Debug|Any CPU
		{63F5F0C3-7A35-4D1C-AF21-09BEFB970A43}.Release|Any CPU.ActiveCfg = Release|Any CPU
		{63F5F0C3-7A35-4D1C-AF21-09BEFB970A43}.Release|Any CPU.Build.0 = Release|Any CPU
	EndGlobalSection
	GlobalSection(SolutionProperties) = preSolution
		HideSolutionNode = FALSE
	EndGlobalSection
	GlobalSection(ExtensibilityGlobals) = postSolution
		SolutionGuid = {8519655E-6D3A-4752-875F-130BF88D6B36}
	EndGlobalSection
EndGlobal
